// !$*UTF8*$!
{
	archiveVersion = 1;
	classes = {
	};
	objectVersion = 56;
	objects = {

/* Begin PBXBuildFile section */
		26074FD22BACA3D100A5649E /* ViewListViewController.swift in Sources */ = {isa = PBXBuildFile; fileRef = 26074FD12BACA3D100A5649E /* ViewListViewController.swift */; };
		2609D8D62B7B6A3D00CD3BFF /* Properties.plist in Resources */ = {isa = PBXBuildFile; fileRef = 2609D8D52B7B6A3D00CD3BFF /* Properties.plist */; };
		263F037A2B5984D800EAC60E /* LegacyLocalPlayerViewController.swift in Sources */ = {isa = PBXBuildFile; fileRef = 263F03792B5984D800EAC60E /* LegacyLocalPlayerViewController.swift */; };
		263F037F2B598DFB00EAC60E /* LocalVideoPlayer.swift in Sources */ = {isa = PBXBuildFile; fileRef = 263F037E2B598DFB00EAC60E /* LocalVideoPlayer.swift */; };
		2649A4AF2BFF8D2B007FCC55 /* NetworkPlayerView.swift in Sources */ = {isa = PBXBuildFile; fileRef = 2649A4AE2BFF8D2B007FCC55 /* NetworkPlayerView.swift */; };
		2649A4B12BFF900A007FCC55 /* AppInfoView.swift in Sources */ = {isa = PBXBuildFile; fileRef = 2649A4B02BFF900A007FCC55 /* AppInfoView.swift */; };
		2649A4BD2C066280007FCC55 /* NoticeView.swift in Sources */ = {isa = PBXBuildFile; fileRef = 2649A4BC2C066280007FCC55 /* NoticeView.swift */; };
		2664066A2B5ED862004B6F8D /* AppInfoViewController.swift in Sources */ = {isa = PBXBuildFile; fileRef = 266406692B5ED862004B6F8D /* AppInfoViewController.swift */; };
		2683F5512B583E3C00C1CEEB /* LocalVideoLibraryManager.swift in Sources */ = {isa = PBXBuildFile; fileRef = 2683F5502B583E3C00C1CEEB /* LocalVideoLibraryManager.swift */; };
		26B742A22BA62AA300823338 /* NoticeViewController.swift in Sources */ = {isa = PBXBuildFile; fileRef = 26B742A12BA62AA300823338 /* NoticeViewController.swift */; };
		26B742AD2BA736A800823338 /* NoticeModel.swift in Sources */ = {isa = PBXBuildFile; fileRef = 26B742AC2BA736A800823338 /* NoticeModel.swift */; };
		26B742AF2BA736C200823338 /* NetworkManager.swift in Sources */ = {isa = PBXBuildFile; fileRef = 26B742AE2BA736C200823338 /* NetworkManager.swift */; };
		26DA7D4C2BB5D059002AF316 /* Localizable.xcstrings in Resources */ = {isa = PBXBuildFile; fileRef = 26DA7D4B2BB5D059002AF316 /* Localizable.xcstrings */; };
		26DA7D512BB5D3A3002AF316 /* AppText.swift in Sources */ = {isa = PBXBuildFile; fileRef = 26DA7D502BB5D3A3002AF316 /* AppText.swift */; };
		26DA7D532BB5DD77002AF316 /* InfoPlist.xcstrings in Resources */ = {isa = PBXBuildFile; fileRef = 26DA7D522BB5DD77002AF316 /* InfoPlist.xcstrings */; };
		26EB7EDA2B56AA1000282354 /* AppDelegate.swift in Sources */ = {isa = PBXBuildFile; fileRef = 26EB7ED92B56AA1000282354 /* AppDelegate.swift */; };
		26EB7EDC2B56AA1000282354 /* SceneDelegate.swift in Sources */ = {isa = PBXBuildFile; fileRef = 26EB7EDB2B56AA1000282354 /* SceneDelegate.swift */; };
		26EB7EE32B56AA1300282354 /* Assets.xcassets in Resources */ = {isa = PBXBuildFile; fileRef = 26EB7EE22B56AA1300282354 /* Assets.xcassets */; };
		26EB7EE62B56AA1300282354 /* LaunchScreen.storyboard in Resources */ = {isa = PBXBuildFile; fileRef = 26EB7EE42B56AA1300282354 /* LaunchScreen.storyboard */; };
		26EB7EEE2B56AB7700282354 /* LocalVideoGalleryViewController.swift in Sources */ = {isa = PBXBuildFile; fileRef = 26EB7EED2B56AB7700282354 /* LocalVideoGalleryViewController.swift */; };
		26EB7EF02B56AB8100282354 /* NetworkPlayerViewController.swift in Sources */ = {isa = PBXBuildFile; fileRef = 26EB7EEF2B56AB8100282354 /* NetworkPlayerViewController.swift */; };
		26EB7EF52B57256200282354 /* LocalVideoThumbnailCell.swift in Sources */ = {isa = PBXBuildFile; fileRef = 26EB7EF42B57256200282354 /* LocalVideoThumbnailCell.swift */; };
		26EBB1962BC728B600C83CA2 /* AppVersionManager.swift in Sources */ = {isa = PBXBuildFile; fileRef = 26EBB1952BC728B600C83CA2 /* AppVersionManager.swift */; };
		26EBB1CE2BE26A3500C83CA2 /* LocalVideoPlayView.swift in Sources */ = {isa = PBXBuildFile; fileRef = 26EBB1CD2BE26A3500C83CA2 /* LocalVideoPlayView.swift */; };
/* End PBXBuildFile section */

/* Begin PBXFileReference section */
		26074FD12BACA3D100A5649E /* ViewListViewController.swift */ = {isa = PBXFileReference; lastKnownFileType = sourcecode.swift; path = ViewListViewController.swift; sourceTree = "<group>"; };
		2609D8D52B7B6A3D00CD3BFF /* Properties.plist */ = {isa = PBXFileReference; lastKnownFileType = text.plist.xml; path = Properties.plist; sourceTree = "<group>"; };
		263F03792B5984D800EAC60E /* LegacyLocalPlayerViewController.swift */ = {isa = PBXFileReference; lastKnownFileType = sourcecode.swift; path = LegacyLocalPlayerViewController.swift; sourceTree = "<group>"; };
		263F037E2B598DFB00EAC60E /* LocalVideoPlayer.swift */ = {isa = PBXFileReference; lastKnownFileType = sourcecode.swift; path = LocalVideoPlayer.swift; sourceTree = "<group>"; };
		2649A4AE2BFF8D2B007FCC55 /* NetworkPlayerView.swift */ = {isa = PBXFileReference; lastKnownFileType = sourcecode.swift; path = NetworkPlayerView.swift; sourceTree = "<group>"; };
		2649A4B02BFF900A007FCC55 /* AppInfoView.swift */ = {isa = PBXFileReference; lastKnownFileType = sourcecode.swift; path = AppInfoView.swift; sourceTree = "<group>"; };
		2649A4BC2C066280007FCC55 /* NoticeView.swift */ = {isa = PBXFileReference; lastKnownFileType = sourcecode.swift; path = NoticeView.swift; sourceTree = "<group>"; };
		266406692B5ED862004B6F8D /* AppInfoViewController.swift */ = {isa = PBXFileReference; lastKnownFileType = sourcecode.swift; path = AppInfoViewController.swift; sourceTree = "<group>"; };
		2683F5502B583E3C00C1CEEB /* LocalVideoLibraryManager.swift */ = {isa = PBXFileReference; lastKnownFileType = sourcecode.swift; path = LocalVideoLibraryManager.swift; sourceTree = "<group>"; };
		26B742A12BA62AA300823338 /* NoticeViewController.swift */ = {isa = PBXFileReference; lastKnownFileType = sourcecode.swift; path = NoticeViewController.swift; sourceTree = "<group>"; };
		26B742AC2BA736A800823338 /* NoticeModel.swift */ = {isa = PBXFileReference; lastKnownFileType = sourcecode.swift; path = NoticeModel.swift; sourceTree = "<group>"; };
		26B742AE2BA736C200823338 /* NetworkManager.swift */ = {isa = PBXFileReference; lastKnownFileType = sourcecode.swift; path = NetworkManager.swift; sourceTree = "<group>"; };
		26DA7D492BB5CF53002AF316 /* en */ = {isa = PBXFileReference; lastKnownFileType = text.plist.strings; name = en; path = en.lproj/LaunchScreen.strings; sourceTree = "<group>"; };
		26DA7D4B2BB5D059002AF316 /* Localizable.xcstrings */ = {isa = PBXFileReference; lastKnownFileType = text.json.xcstrings; path = Localizable.xcstrings; sourceTree = "<group>"; };
		26DA7D502BB5D3A3002AF316 /* AppText.swift */ = {isa = PBXFileReference; lastKnownFileType = sourcecode.swift; path = AppText.swift; sourceTree = "<group>"; };
		26DA7D522BB5DD77002AF316 /* InfoPlist.xcstrings */ = {isa = PBXFileReference; lastKnownFileType = text.json.xcstrings; path = InfoPlist.xcstrings; sourceTree = "<group>"; };
		26EB7ED62B56AA1000282354 /* PiPPl.app */ = {isa = PBXFileReference; explicitFileType = wrapper.application; includeInIndex = 0; path = PiPPl.app; sourceTree = BUILT_PRODUCTS_DIR; };
		26EB7ED92B56AA1000282354 /* AppDelegate.swift */ = {isa = PBXFileReference; lastKnownFileType = sourcecode.swift; path = AppDelegate.swift; sourceTree = "<group>"; };
		26EB7EDB2B56AA1000282354 /* SceneDelegate.swift */ = {isa = PBXFileReference; lastKnownFileType = sourcecode.swift; path = SceneDelegate.swift; sourceTree = "<group>"; };
		26EB7EE22B56AA1300282354 /* Assets.xcassets */ = {isa = PBXFileReference; lastKnownFileType = folder.assetcatalog; path = Assets.xcassets; sourceTree = "<group>"; };
		26EB7EE52B56AA1300282354 /* Base */ = {isa = PBXFileReference; lastKnownFileType = file.storyboard; name = Base; path = Base.lproj/LaunchScreen.storyboard; sourceTree = "<group>"; };
		26EB7EE72B56AA1300282354 /* Info.plist */ = {isa = PBXFileReference; lastKnownFileType = text.plist.xml; path = Info.plist; sourceTree = "<group>"; };
		26EB7EED2B56AB7700282354 /* LocalVideoGalleryViewController.swift */ = {isa = PBXFileReference; lastKnownFileType = sourcecode.swift; path = LocalVideoGalleryViewController.swift; sourceTree = "<group>"; };
		26EB7EEF2B56AB8100282354 /* NetworkPlayerViewController.swift */ = {isa = PBXFileReference; lastKnownFileType = sourcecode.swift; path = NetworkPlayerViewController.swift; sourceTree = "<group>"; };
		26EB7EF32B56AC9900282354 /* ko */ = {isa = PBXFileReference; lastKnownFileType = text.plist.strings; name = ko; path = ko.lproj/LaunchScreen.strings; sourceTree = "<group>"; };
		26EB7EF42B57256200282354 /* LocalVideoThumbnailCell.swift */ = {isa = PBXFileReference; lastKnownFileType = sourcecode.swift; path = LocalVideoThumbnailCell.swift; sourceTree = "<group>"; };
		26EBB1952BC728B600C83CA2 /* AppVersionManager.swift */ = {isa = PBXFileReference; lastKnownFileType = sourcecode.swift; path = AppVersionManager.swift; sourceTree = "<group>"; };
		26EBB1CD2BE26A3500C83CA2 /* LocalVideoPlayView.swift */ = {isa = PBXFileReference; lastKnownFileType = sourcecode.swift; path = LocalVideoPlayView.swift; sourceTree = "<group>"; };
/* End PBXFileReference section */

/* Begin PBXFrameworksBuildPhase section */
		26EB7ED32B56AA1000282354 /* Frameworks */ = {
			isa = PBXFrameworksBuildPhase;
			buildActionMask = 2147483647;
			files = (
			);
			runOnlyForDeploymentPostprocessing = 0;
		};
/* End PBXFrameworksBuildPhase section */

/* Begin PBXGroup section */
		263F03782B5984A200EAC60E /* LocalVideo */ = {
			isa = PBXGroup;
			children = (
				26EB7EED2B56AB7700282354 /* LocalVideoGalleryViewController.swift */,
				26EB7EF42B57256200282354 /* LocalVideoThumbnailCell.swift */,
				263F03792B5984D800EAC60E /* LegacyLocalPlayerViewController.swift */,
			);
			path = LocalVideo;
			sourceTree = "<group>";
		};
		263F037B2B5984E300EAC60E /* NetworkVideo */ = {
			isa = PBXGroup;
			children = (
				26EB7EEF2B56AB8100282354 /* NetworkPlayerViewController.swift */,
				2649A4AE2BFF8D2B007FCC55 /* NetworkPlayerView.swift */,
			);
			path = NetworkVideo;
			sourceTree = "<group>";
		};
		263F037C2B598DA400EAC60E /* View */ = {
			isa = PBXGroup;
			children = (
				266406692B5ED862004B6F8D /* AppInfoViewController.swift */,
				2649A4B02BFF900A007FCC55 /* AppInfoView.swift */,
				2649A4BC2C066280007FCC55 /* NoticeView.swift */,
				26B742A12BA62AA300823338 /* NoticeViewController.swift */,
				263F03782B5984A200EAC60E /* LocalVideo */,
				263F037B2B5984E300EAC60E /* NetworkVideo */,
				26074FD12BACA3D100A5649E /* ViewListViewController.swift */,
				26EBB1CD2BE26A3500C83CA2 /* LocalVideoPlayView.swift */,
			);
			path = View;
			sourceTree = "<group>";
		};
		263F037D2B598DC400EAC60E /* Utility */ = {
			isa = PBXGroup;
			children = (
				2683F5502B583E3C00C1CEEB /* LocalVideoLibraryManager.swift */,
				26EBB1952BC728B600C83CA2 /* AppVersionManager.swift */,
				263F037E2B598DFB00EAC60E /* LocalVideoPlayer.swift */,
				26B742AE2BA736C200823338 /* NetworkManager.swift */,
			);
			path = Utility;
			sourceTree = "<group>";
		};
		26B742AB2BA7368D00823338 /* Model */ = {
			isa = PBXGroup;
			children = (
				26B742AC2BA736A800823338 /* NoticeModel.swift */,
			);
			path = Model;
			sourceTree = "<group>";
		};
		26DA7D4A2BB5CF83002AF316 /* Resource */ = {
			isa = PBXGroup;
			children = (
				26DA7D4B2BB5D059002AF316 /* Localizable.xcstrings */,
				26DA7D522BB5DD77002AF316 /* InfoPlist.xcstrings */,
				26DA7D502BB5D3A3002AF316 /* AppText.swift */,
			);
			path = Resource;
			sourceTree = "<group>";
		};
		26EB7ECD2B56AA1000282354 = {
			isa = PBXGroup;
			children = (
				26EB7ED82B56AA1000282354 /* PiPPl */,
				26EB7ED72B56AA1000282354 /* Products */,
			);
			sourceTree = "<group>";
		};
		26EB7ED72B56AA1000282354 /* Products */ = {
			isa = PBXGroup;
			children = (
				26EB7ED62B56AA1000282354 /* PiPPl.app */,
			);
			name = Products;
			sourceTree = "<group>";
		};
		26EB7ED82B56AA1000282354 /* PiPPl */ = {
			isa = PBXGroup;
			children = (
				26EB7ED92B56AA1000282354 /* AppDelegate.swift */,
				26EB7EDB2B56AA1000282354 /* SceneDelegate.swift */,
				263F037C2B598DA400EAC60E /* View */,
				26B742AB2BA7368D00823338 /* Model */,
				263F037D2B598DC400EAC60E /* Utility */,
				26DA7D4A2BB5CF83002AF316 /* Resource */,
				26EB7EE22B56AA1300282354 /* Assets.xcassets */,
				26EB7EE42B56AA1300282354 /* LaunchScreen.storyboard */,
				26EB7EE72B56AA1300282354 /* Info.plist */,
				2609D8D52B7B6A3D00CD3BFF /* Properties.plist */,
			);
			path = PiPPl;
			sourceTree = "<group>";
		};
/* End PBXGroup section */

/* Begin PBXNativeTarget section */
		26EB7ED52B56AA1000282354 /* PiPPl */ = {
			isa = PBXNativeTarget;
			buildConfigurationList = 26EB7EEA2B56AA1300282354 /* Build configuration list for PBXNativeTarget "PiPPl" */;
			buildPhases = (
				26EB7ED22B56AA1000282354 /* Sources */,
				26EB7ED32B56AA1000282354 /* Frameworks */,
				26EB7ED42B56AA1000282354 /* Resources */,
			);
			buildRules = (
			);
			dependencies = (
			);
			name = PiPPl;
			productName = PiPPl;
			productReference = 26EB7ED62B56AA1000282354 /* PiPPl.app */;
			productType = "com.apple.product-type.application";
		};
/* End PBXNativeTarget section */

/* Begin PBXProject section */
		26EB7ECE2B56AA1000282354 /* Project object */ = {
			isa = PBXProject;
			attributes = {
				BuildIndependentTargetsInParallel = 1;
				LastSwiftUpdateCheck = 1510;
				LastUpgradeCheck = 1510;
				TargetAttributes = {
					26EB7ED52B56AA1000282354 = {
						CreatedOnToolsVersion = 15.1;
					};
				};
			};
			buildConfigurationList = 26EB7ED12B56AA1000282354 /* Build configuration list for PBXProject "PiPPl" */;
			compatibilityVersion = "Xcode 14.0";
			developmentRegion = en;
			hasScannedForEncodings = 0;
			knownRegions = (
				Base,
				ko,
				en,
			);
			mainGroup = 26EB7ECD2B56AA1000282354;
			productRefGroup = 26EB7ED72B56AA1000282354 /* Products */;
			projectDirPath = "";
			projectRoot = "";
			targets = (
				26EB7ED52B56AA1000282354 /* PiPPl */,
			);
		};
/* End PBXProject section */

/* Begin PBXResourcesBuildPhase section */
		26EB7ED42B56AA1000282354 /* Resources */ = {
			isa = PBXResourcesBuildPhase;
			buildActionMask = 2147483647;
			files = (
				26EB7EE62B56AA1300282354 /* LaunchScreen.storyboard in Resources */,
				26DA7D532BB5DD77002AF316 /* InfoPlist.xcstrings in Resources */,
				26EB7EE32B56AA1300282354 /* Assets.xcassets in Resources */,
				26DA7D4C2BB5D059002AF316 /* Localizable.xcstrings in Resources */,
				2609D8D62B7B6A3D00CD3BFF /* Properties.plist in Resources */,
			);
			runOnlyForDeploymentPostprocessing = 0;
		};
/* End PBXResourcesBuildPhase section */

/* Begin PBXSourcesBuildPhase section */
		26EB7ED22B56AA1000282354 /* Sources */ = {
			isa = PBXSourcesBuildPhase;
			buildActionMask = 2147483647;
			files = (
				26B742AF2BA736C200823338 /* NetworkManager.swift in Sources */,
				2664066A2B5ED862004B6F8D /* AppInfoViewController.swift in Sources */,
				26DA7D512BB5D3A3002AF316 /* AppText.swift in Sources */,
				26EB7EF52B57256200282354 /* LocalVideoThumbnailCell.swift in Sources */,
				26074FD22BACA3D100A5649E /* ViewListViewController.swift in Sources */,
				26EBB1CE2BE26A3500C83CA2 /* LocalVideoPlayView.swift in Sources */,
				2649A4BD2C066280007FCC55 /* NoticeView.swift in Sources */,
				263F037A2B5984D800EAC60E /* LegacyLocalPlayerViewController.swift in Sources */,
				26EB7EEE2B56AB7700282354 /* LocalVideoGalleryViewController.swift in Sources */,
				2649A4B12BFF900A007FCC55 /* AppInfoView.swift in Sources */,
				26B742A22BA62AA300823338 /* NoticeViewController.swift in Sources */,
				26B742AD2BA736A800823338 /* NoticeModel.swift in Sources */,
				26EB7EF02B56AB8100282354 /* NetworkPlayerViewController.swift in Sources */,
				2683F5512B583E3C00C1CEEB /* LocalVideoLibraryManager.swift in Sources */,
				263F037F2B598DFB00EAC60E /* LocalVideoPlayer.swift in Sources */,
				26EBB1962BC728B600C83CA2 /* AppVersionManager.swift in Sources */,
				2649A4AF2BFF8D2B007FCC55 /* NetworkPlayerView.swift in Sources */,
				26EB7EDA2B56AA1000282354 /* AppDelegate.swift in Sources */,
				26EB7EDC2B56AA1000282354 /* SceneDelegate.swift in Sources */,
			);
			runOnlyForDeploymentPostprocessing = 0;
		};
/* End PBXSourcesBuildPhase section */

/* Begin PBXVariantGroup section */
		26EB7EE42B56AA1300282354 /* LaunchScreen.storyboard */ = {
			isa = PBXVariantGroup;
			children = (
				26EB7EE52B56AA1300282354 /* Base */,
				26EB7EF32B56AC9900282354 /* ko */,
				26DA7D492BB5CF53002AF316 /* en */,
			);
			name = LaunchScreen.storyboard;
			sourceTree = "<group>";
		};
/* End PBXVariantGroup section */

/* Begin XCBuildConfiguration section */
		26EB7EE82B56AA1300282354 /* Debug */ = {
			isa = XCBuildConfiguration;
			buildSettings = {
				ALWAYS_SEARCH_USER_PATHS = NO;
				ASSETCATALOG_COMPILER_GENERATE_SWIFT_ASSET_SYMBOL_EXTENSIONS = YES;
				CLANG_ANALYZER_LOCALIZABILITY_NONLOCALIZED = YES;
				CLANG_ANALYZER_NONNULL = YES;
				CLANG_ANALYZER_NUMBER_OBJECT_CONVERSION = YES_AGGRESSIVE;
				CLANG_CXX_LANGUAGE_STANDARD = "gnu++20";
				CLANG_ENABLE_MODULES = YES;
				CLANG_ENABLE_OBJC_ARC = YES;
				CLANG_ENABLE_OBJC_WEAK = YES;
				CLANG_WARN_BLOCK_CAPTURE_AUTORELEASING = YES;
				CLANG_WARN_BOOL_CONVERSION = YES;
				CLANG_WARN_COMMA = YES;
				CLANG_WARN_CONSTANT_CONVERSION = YES;
				CLANG_WARN_DEPRECATED_OBJC_IMPLEMENTATIONS = YES;
				CLANG_WARN_DIRECT_OBJC_ISA_USAGE = YES_ERROR;
				CLANG_WARN_DOCUMENTATION_COMMENTS = YES;
				CLANG_WARN_EMPTY_BODY = YES;
				CLANG_WARN_ENUM_CONVERSION = YES;
				CLANG_WARN_INFINITE_RECURSION = YES;
				CLANG_WARN_INT_CONVERSION = YES;
				CLANG_WARN_NON_LITERAL_NULL_CONVERSION = YES;
				CLANG_WARN_OBJC_IMPLICIT_RETAIN_SELF = YES;
				CLANG_WARN_OBJC_LITERAL_CONVERSION = YES;
				CLANG_WARN_OBJC_ROOT_CLASS = YES_ERROR;
				CLANG_WARN_QUOTED_INCLUDE_IN_FRAMEWORK_HEADER = YES;
				CLANG_WARN_RANGE_LOOP_ANALYSIS = YES;
				CLANG_WARN_STRICT_PROTOTYPES = YES;
				CLANG_WARN_SUSPICIOUS_MOVE = YES;
				CLANG_WARN_UNGUARDED_AVAILABILITY = YES_AGGRESSIVE;
				CLANG_WARN_UNREACHABLE_CODE = YES;
				CLANG_WARN__DUPLICATE_METHOD_MATCH = YES;
				COPY_PHASE_STRIP = NO;
				DEBUG_INFORMATION_FORMAT = dwarf;
				ENABLE_STRICT_OBJC_MSGSEND = YES;
				ENABLE_TESTABILITY = YES;
				ENABLE_USER_SCRIPT_SANDBOXING = YES;
				GCC_C_LANGUAGE_STANDARD = gnu17;
				GCC_DYNAMIC_NO_PIC = NO;
				GCC_NO_COMMON_BLOCKS = YES;
				GCC_OPTIMIZATION_LEVEL = 0;
				GCC_PREPROCESSOR_DEFINITIONS = (
					"DEBUG=1",
					"$(inherited)",
				);
				GCC_WARN_64_TO_32_BIT_CONVERSION = YES;
				GCC_WARN_ABOUT_RETURN_TYPE = YES_ERROR;
				GCC_WARN_UNDECLARED_SELECTOR = YES;
				GCC_WARN_UNINITIALIZED_AUTOS = YES_AGGRESSIVE;
				GCC_WARN_UNUSED_FUNCTION = YES;
				GCC_WARN_UNUSED_VARIABLE = YES;
				IPHONEOS_DEPLOYMENT_TARGET = 15.0;
				LOCALIZATION_PREFERS_STRING_CATALOGS = YES;
				MTL_ENABLE_DEBUG_INFO = INCLUDE_SOURCE;
				MTL_FAST_MATH = YES;
				ONLY_ACTIVE_ARCH = YES;
				SDKROOT = iphoneos;
				SWIFT_ACTIVE_COMPILATION_CONDITIONS = "DEBUG $(inherited)";
				SWIFT_OPTIMIZATION_LEVEL = "-Onone";
			};
			name = Debug;
		};
		26EB7EE92B56AA1300282354 /* Release */ = {
			isa = XCBuildConfiguration;
			buildSettings = {
				ALWAYS_SEARCH_USER_PATHS = NO;
				ASSETCATALOG_COMPILER_GENERATE_SWIFT_ASSET_SYMBOL_EXTENSIONS = YES;
				CLANG_ANALYZER_LOCALIZABILITY_NONLOCALIZED = YES;
				CLANG_ANALYZER_NONNULL = YES;
				CLANG_ANALYZER_NUMBER_OBJECT_CONVERSION = YES_AGGRESSIVE;
				CLANG_CXX_LANGUAGE_STANDARD = "gnu++20";
				CLANG_ENABLE_MODULES = YES;
				CLANG_ENABLE_OBJC_ARC = YES;
				CLANG_ENABLE_OBJC_WEAK = YES;
				CLANG_WARN_BLOCK_CAPTURE_AUTORELEASING = YES;
				CLANG_WARN_BOOL_CONVERSION = YES;
				CLANG_WARN_COMMA = YES;
				CLANG_WARN_CONSTANT_CONVERSION = YES;
				CLANG_WARN_DEPRECATED_OBJC_IMPLEMENTATIONS = YES;
				CLANG_WARN_DIRECT_OBJC_ISA_USAGE = YES_ERROR;
				CLANG_WARN_DOCUMENTATION_COMMENTS = YES;
				CLANG_WARN_EMPTY_BODY = YES;
				CLANG_WARN_ENUM_CONVERSION = YES;
				CLANG_WARN_INFINITE_RECURSION = YES;
				CLANG_WARN_INT_CONVERSION = YES;
				CLANG_WARN_NON_LITERAL_NULL_CONVERSION = YES;
				CLANG_WARN_OBJC_IMPLICIT_RETAIN_SELF = YES;
				CLANG_WARN_OBJC_LITERAL_CONVERSION = YES;
				CLANG_WARN_OBJC_ROOT_CLASS = YES_ERROR;
				CLANG_WARN_QUOTED_INCLUDE_IN_FRAMEWORK_HEADER = YES;
				CLANG_WARN_RANGE_LOOP_ANALYSIS = YES;
				CLANG_WARN_STRICT_PROTOTYPES = YES;
				CLANG_WARN_SUSPICIOUS_MOVE = YES;
				CLANG_WARN_UNGUARDED_AVAILABILITY = YES_AGGRESSIVE;
				CLANG_WARN_UNREACHABLE_CODE = YES;
				CLANG_WARN__DUPLICATE_METHOD_MATCH = YES;
				COPY_PHASE_STRIP = NO;
				DEBUG_INFORMATION_FORMAT = "dwarf-with-dsym";
				ENABLE_NS_ASSERTIONS = NO;
				ENABLE_STRICT_OBJC_MSGSEND = YES;
				ENABLE_USER_SCRIPT_SANDBOXING = YES;
				GCC_C_LANGUAGE_STANDARD = gnu17;
				GCC_NO_COMMON_BLOCKS = YES;
				GCC_WARN_64_TO_32_BIT_CONVERSION = YES;
				GCC_WARN_ABOUT_RETURN_TYPE = YES_ERROR;
				GCC_WARN_UNDECLARED_SELECTOR = YES;
				GCC_WARN_UNINITIALIZED_AUTOS = YES_AGGRESSIVE;
				GCC_WARN_UNUSED_FUNCTION = YES;
				GCC_WARN_UNUSED_VARIABLE = YES;
				IPHONEOS_DEPLOYMENT_TARGET = 15.0;
				LOCALIZATION_PREFERS_STRING_CATALOGS = YES;
				MTL_ENABLE_DEBUG_INFO = NO;
				MTL_FAST_MATH = YES;
				SDKROOT = iphoneos;
				SWIFT_COMPILATION_MODE = wholemodule;
				VALIDATE_PRODUCT = YES;
			};
			name = Release;
		};
		26EB7EEB2B56AA1300282354 /* Debug */ = {
			isa = XCBuildConfiguration;
			buildSettings = {
				ASSETCATALOG_COMPILER_APPICON_NAME = AppIcon;
				ASSETCATALOG_COMPILER_GLOBAL_ACCENT_COLOR_NAME = AccentColor;
				CODE_SIGN_STYLE = Automatic;
				CURRENT_PROJECT_VERSION = 1;
				DEVELOPMENT_TEAM = F2SSSA5NRF;
				GENERATE_INFOPLIST_FILE = YES;
				INFOPLIST_FILE = PiPPl/Info.plist;
				INFOPLIST_KEY_LSApplicationCategoryType = "public.app-category.video";
				INFOPLIST_KEY_NSPhotoLibraryUsageDescription = "갤러리에서 비디오를 가져오기 위해 권한이 필요합니다.";
				INFOPLIST_KEY_UIApplicationSupportsIndirectInputEvents = YES;
				INFOPLIST_KEY_UILaunchStoryboardName = LaunchScreen;
				INFOPLIST_KEY_UISupportedInterfaceOrientations_iPad = "UIInterfaceOrientationPortrait UIInterfaceOrientationPortraitUpsideDown UIInterfaceOrientationLandscapeLeft UIInterfaceOrientationLandscapeRight";
				INFOPLIST_KEY_UISupportedInterfaceOrientations_iPhone = "UIInterfaceOrientationPortrait UIInterfaceOrientationLandscapeLeft UIInterfaceOrientationLandscapeRight";
				IPHONEOS_DEPLOYMENT_TARGET = 16.0;
				LD_RUNPATH_SEARCH_PATHS = (
					"$(inherited)",
					"@executable_path/Frameworks",
				);
				MARKETING_VERSION = 1.1.4;
				PRODUCT_BUNDLE_IDENTIFIER = com.immeenu.PiPPl;
				PRODUCT_NAME = "$(TARGET_NAME)";
				SUPPORTED_PLATFORMS = "iphoneos iphonesimulator";
				SUPPORTS_MACCATALYST = NO;
				SUPPORTS_MAC_DESIGNED_FOR_IPHONE_IPAD = NO;
				SUPPORTS_XR_DESIGNED_FOR_IPHONE_IPAD = NO;
				SWIFT_EMIT_LOC_STRINGS = YES;
				SWIFT_VERSION = 5.0;
				TARGETED_DEVICE_FAMILY = "1,2";
			};
			name = Debug;
		};
		26EB7EEC2B56AA1300282354 /* Release */ = {
			isa = XCBuildConfiguration;
			buildSettings = {
				ASSETCATALOG_COMPILER_APPICON_NAME = AppIcon;
				ASSETCATALOG_COMPILER_GLOBAL_ACCENT_COLOR_NAME = AccentColor;
				CODE_SIGN_STYLE = Automatic;
				CURRENT_PROJECT_VERSION = 1;
				DEVELOPMENT_TEAM = F2SSSA5NRF;
				GENERATE_INFOPLIST_FILE = YES;
				INFOPLIST_FILE = PiPPl/Info.plist;
				INFOPLIST_KEY_LSApplicationCategoryType = "public.app-category.video";
				INFOPLIST_KEY_NSPhotoLibraryUsageDescription = "갤러리에서 비디오를 가져오기 위해 권한이 필요합니다.";
				INFOPLIST_KEY_UIApplicationSupportsIndirectInputEvents = YES;
				INFOPLIST_KEY_UILaunchStoryboardName = LaunchScreen;
				INFOPLIST_KEY_UISupportedInterfaceOrientations_iPad = "UIInterfaceOrientationPortrait UIInterfaceOrientationPortraitUpsideDown UIInterfaceOrientationLandscapeLeft UIInterfaceOrientationLandscapeRight";
				INFOPLIST_KEY_UISupportedInterfaceOrientations_iPhone = "UIInterfaceOrientationPortrait UIInterfaceOrientationLandscapeLeft UIInterfaceOrientationLandscapeRight";
				IPHONEOS_DEPLOYMENT_TARGET = 16.0;
				LD_RUNPATH_SEARCH_PATHS = (
					"$(inherited)",
					"@executable_path/Frameworks",
				);
				MARKETING_VERSION = 1.1.4;
				PRODUCT_BUNDLE_IDENTIFIER = com.immeenu.PiPPl;
				PRODUCT_NAME = "$(TARGET_NAME)";
				SUPPORTED_PLATFORMS = "iphoneos iphonesimulator";
				SUPPORTS_MACCATALYST = NO;
				SUPPORTS_MAC_DESIGNED_FOR_IPHONE_IPAD = NO;
				SUPPORTS_XR_DESIGNED_FOR_IPHONE_IPAD = NO;
				SWIFT_EMIT_LOC_STRINGS = YES;
				SWIFT_VERSION = 5.0;
				TARGETED_DEVICE_FAMILY = "1,2";
			};
			name = Release;
		};
/* End XCBuildConfiguration section */

/* Begin XCConfigurationList section */
		26EB7ED12B56AA1000282354 /* Build configuration list for PBXProject "PiPPl" */ = {
			isa = XCConfigurationList;
			buildConfigurations = (
				26EB7EE82B56AA1300282354 /* Debug */,
				26EB7EE92B56AA1300282354 /* Release */,
			);
			defaultConfigurationIsVisible = 0;
			defaultConfigurationName = Release;
		};
		26EB7EEA2B56AA1300282354 /* Build configuration list for PBXNativeTarget "PiPPl" */ = {
			isa = XCConfigurationList;
			buildConfigurations = (
				26EB7EEB2B56AA1300282354 /* Debug */,
				26EB7EEC2B56AA1300282354 /* Release */,
			);
			defaultConfigurationIsVisible = 0;
			defaultConfigurationName = Release;
		};
/* End XCConfigurationList section */
	};
	rootObject = 26EB7ECE2B56AA1000282354 /* Project object */;
}
